
Microsoft Visual Studio Solution File, Format Version 12.00
# Visual Studio Version 17
VisualStudioVersion = 17.4.33205.214
MinimumVisualStudioVersion = 10.0.40219.1
Project("{2150E333-8FDC-42A3-9474-1A3956D46DE8}") = "Web", "Web", "{4F3CD0B2-5DE4-4F12-B4A1-2E0CBC02BD64}"
EndProject
Project("{2150E333-8FDC-42A3-9474-1A3956D46DE8}") = "Services", "Services", "{47F323D9-D770-4361-BDC9-2B449166FDF4}"
EndProject
Project("{9A19103F-16F7-4668-BE54-9A1E7A4F7556}") = "BookWise.Web", "Web\BookWise.Web\BookWise.Web.csproj", "{81315DCC-7937-42C1-B16C-F09E014B95CD}"
EndProject
Project("{E53339B2-1760-4266-BCC7-CA923CBCF16C}") = "docker-compose", "docker-compose.dcproj", "{E263BE3B-A59E-4AEC-BC2F-D5C38920801F}"
EndProject
Project("{2150E333-8FDC-42A3-9474-1A3956D46DE8}") = "Catalog", "Catalog", "{1D53D8A1-25B3-4EC0-BA4C-84D4D021A252}"
EndProject
Project("{FAE04EC0-301F-11D3-BF4B-00C04F79EFBC}") = "BookWise.Catalog.API", "Services\Catalog\BookWise.Catalog.API\BookWise.Catalog.API.csproj", "{3D7DDAE6-48E6-4AA0-957F-7CC83D9D0E42}"
EndProject
Project("{2150E333-8FDC-42A3-9474-1A3956D46DE8}") = "ApiGateways", "ApiGateways", "{27C0FB5D-A684-4AE4-A592-0C392AAEF2E6}"
EndProject
Project("{FAE04EC0-301F-11D3-BF4B-00C04F79EFBC}") = "OcelotApiGateWay", "ApiGateways\OcelotApiGateWay\OcelotApiGateWay.csproj", "{89950E36-370B-419E-9757-3050FF9B4BDF}"
EndProject
Global
	GlobalSection(SolutionConfigurationPlatforms) = preSolution
		Debug|Any CPU = Debug|Any CPU
		Release|Any CPU = Release|Any CPU
	EndGlobalSection
	GlobalSection(ProjectConfigurationPlatforms) = postSolution
		{81315DCC-7937-42C1-B16C-F09E014B95CD}.Debug|Any CPU.ActiveCfg = Debug|Any CPU
		{81315DCC-7937-42C1-B16C-F09E014B95CD}.Debug|Any CPU.Build.0 = Debug|Any CPU
		{81315DCC-7937-42C1-B16C-F09E014B95CD}.Release|Any CPU.ActiveCfg = Release|Any CPU
		{81315DCC-7937-42C1-B16C-F09E014B95CD}.Release|Any CPU.Build.0 = Release|Any CPU
		{E263BE3B-A59E-4AEC-BC2F-D5C38920801F}.Debug|Any CPU.ActiveCfg = Debug|Any CPU
		{E263BE3B-A59E-4AEC-BC2F-D5C38920801F}.Debug|Any CPU.Build.0 = Debug|Any CPU
		{E263BE3B-A59E-4AEC-BC2F-D5C38920801F}.Release|Any CPU.ActiveCfg = Release|Any CPU
		{E263BE3B-A59E-4AEC-BC2F-D5C38920801F}.Release|Any CPU.Build.0 = Release|Any CPU
		{3D7DDAE6-48E6-4AA0-957F-7CC83D9D0E42}.Debug|Any CPU.ActiveCfg = Debug|Any CPU
		{3D7DDAE6-48E6-4AA0-957F-7CC83D9D0E42}.Debug|Any CPU.Build.0 = Debug|Any CPU
		{3D7DDAE6-48E6-4AA0-957F-7CC83D9D0E42}.Release|Any CPU.ActiveCfg = Release|Any CPU
		{3D7DDAE6-48E6-4AA0-957F-7CC83D9D0E42}.Release|Any CPU.Build.0 = Release|Any CPU
		{89950E36-370B-419E-9757-3050FF9B4BDF}.Debug|Any CPU.ActiveCfg = Debug|Any CPU
		{89950E36-370B-419E-9757-3050FF9B4BDF}.Debug|Any CPU.Build.0 = Debug|Any CPU
		{89950E36-370B-419E-9757-3050FF9B4BDF}.Release|Any CPU.ActiveCfg = Release|Any CPU
		{89950E36-370B-419E-9757-3050FF9B4BDF}.Release|Any CPU.Build.0 = Release|Any CPU
	EndGlobalSection
	GlobalSection(SolutionProperties) = preSolution
		HideSolutionNode = FALSE
	EndGlobalSection
	GlobalSection(NestedProjects) = preSolution
		{81315DCC-7937-42C1-B16C-F09E014B95CD} = {4F3CD0B2-5DE4-4F12-B4A1-2E0CBC02BD64}
		{1D53D8A1-25B3-4EC0-BA4C-84D4D021A252} = {47F323D9-D770-4361-BDC9-2B449166FDF4}
		{3D7DDAE6-48E6-4AA0-957F-7CC83D9D0E42} = {1D53D8A1-25B3-4EC0-BA4C-84D4D021A252}
		{89950E36-370B-419E-9757-3050FF9B4BDF} = {27C0FB5D-A684-4AE4-A592-0C392AAEF2E6}
	EndGlobalSection
	GlobalSection(ExtensibilityGlobals) = postSolution
		SolutionGuid = {54679E2A-568F-44E0-91BF-E92E4EF5D3B0}
	EndGlobalSection
EndGlobal
